
Microsoft Visual Studio Solution File, Format Version 12.00
# Visual Studio 14
VisualStudioVersion = 14.0.22823.1
MinimumVisualStudioVersion = 10.0.40219.1
Project("{FAE04EC0-301F-11D3-BF4B-00C04F79EFBC}") = "classLib", "classLib\classLib.csproj", "{EA2FEF19-C3F9-407A-983F-B58AD4D1E5DB}"
EndProject
Project("{FAE04EC0-301F-11D3-BF4B-00C04F79EFBC}") = "utp", "utp\utp.csproj", "{FC6495F4-AF5B-43B0-9FF7-DDD4DA4E1403}"
EndProject
Project("{FAE04EC0-301F-11D3-BF4B-00C04F79EFBC}") = "ConsTest", "ConsTest\ConsTest.csproj", "{1FDB1F4A-D1DA-411F-9311-EE0F473CAE0D}"
EndProject
Project("{FAE04EC0-301F-11D3-BF4B-00C04F79EFBC}") = "RcvPayment", "RcvPayment\RcvPayment.csproj", "{B2468FBF-7434-4747-8FB9-8E16723FDB9D}"
EndProject
Project("{FAE04EC0-301F-11D3-BF4B-00C04F79EFBC}") = "dataLib", "dataLib\dataLib.csproj", "{010A21E3-F30E-45CF-B826-E6B7BCDCE890}"
EndProject
Project("{00D1A9C2-B5F0-4AF3-8072-F6C62B433612}") = "SqlDB", "SqlDB\SqlDB.sqlproj", "{AC0F9B4C-DA58-451F-897B-F2BF9D9C5D87}"
EndProject
Project("{FAE04EC0-301F-11D3-BF4B-00C04F79EFBC}") = "SimpleTest", "SimpleTest\SimpleTest.csproj", "{1945F706-A2F7-41BC-BFA7-03DAD787BABB}"
EndProject
Project("{2150E333-8FDC-42A3-9474-1A3956D46DE8}") = "Solution Items", "Solution Items", "{A657F4EE-67BB-43D3-8025-F234C4B14C2A}"
	ProjectSection(SolutionItems) = preProject
		setup\Payments.iss = setup\Payments.iss
		Status.txt = Status.txt
	EndProjectSection
EndProject
Project("{FAE04EC0-301F-11D3-BF4B-00C04F79EFBC}") = "DbCombined", "DbCombined\DbCombined.csproj", "{B80F3811-91B0-4E17-BB9B-E5E8D4449CA2}"
EndProject
Project("{2150E333-8FDC-42A3-9474-1A3956D46DE8}") = "Setup", "Setup", "{2BF0C407-D7D5-41D1-B6A8-6B8EB6F38DAD}"
	ProjectSection(SolutionItems) = preProject
		setup\scripts\0-InstallScript.sql = setup\scripts\0-InstallScript.sql
		setup\scripts\BuildScript.cmd = setup\scripts\BuildScript.cmd
		setup\scripts\CRDepBatch.sql = setup\scripts\CRDepBatch.sql
		setup\scripts\CRDepItem.sql = setup\scripts\CRDepItem.sql
		setup\scripts\CRDetail.sql = setup\scripts\CRDetail.sql
		setup\scripts\CRMaster.sql = setup\scripts\CRMaster.sql
		setup\scripts\CRMasterId.sql = setup\scripts\CRMasterId.sql
		setup\scripts\CROutstanding.sql = setup\scripts\CROutstanding.sql
		setup\scripts\sp_Outstanding.sql = setup\scripts\sp_Outstanding.sql
		setup\scripts\V_CrReceipt.sql = setup\scripts\V_CrReceipt.sql
		setup\scripts\V_TestData1.sql = setup\scripts\V_TestData1.sql
	EndProjectSection
EndProject
Global
	GlobalSection(SolutionConfigurationPlatforms) = preSolution
		Debug|Any CPU = Debug|Any CPU
		Release|Any CPU = Release|Any CPU
	EndGlobalSection
	GlobalSection(ProjectConfigurationPlatforms) = postSolution
		{EA2FEF19-C3F9-407A-983F-B58AD4D1E5DB}.Debug|Any CPU.ActiveCfg = Debug|Any CPU
		{EA2FEF19-C3F9-407A-983F-B58AD4D1E5DB}.Debug|Any CPU.Build.0 = Debug|Any CPU
		{EA2FEF19-C3F9-407A-983F-B58AD4D1E5DB}.Release|Any CPU.ActiveCfg = Release|Any CPU
		{EA2FEF19-C3F9-407A-983F-B58AD4D1E5DB}.Release|Any CPU.Build.0 = Release|Any CPU
		{FC6495F4-AF5B-43B0-9FF7-DDD4DA4E1403}.Debug|Any CPU.ActiveCfg = Debug|Any CPU
		{FC6495F4-AF5B-43B0-9FF7-DDD4DA4E1403}.Debug|Any CPU.Build.0 = Debug|Any CPU
		{FC6495F4-AF5B-43B0-9FF7-DDD4DA4E1403}.Release|Any CPU.ActiveCfg = Release|Any CPU
		{FC6495F4-AF5B-43B0-9FF7-DDD4DA4E1403}.Release|Any CPU.Build.0 = Release|Any CPU
		{1FDB1F4A-D1DA-411F-9311-EE0F473CAE0D}.Debug|Any CPU.ActiveCfg = Debug|Any CPU
		{1FDB1F4A-D1DA-411F-9311-EE0F473CAE0D}.Debug|Any CPU.Build.0 = Debug|Any CPU
		{1FDB1F4A-D1DA-411F-9311-EE0F473CAE0D}.Release|Any CPU.ActiveCfg = Release|Any CPU
		{1FDB1F4A-D1DA-411F-9311-EE0F473CAE0D}.Release|Any CPU.Build.0 = Release|Any CPU
		{B2468FBF-7434-4747-8FB9-8E16723FDB9D}.Debug|Any CPU.ActiveCfg = Debug|Any CPU
		{B2468FBF-7434-4747-8FB9-8E16723FDB9D}.Debug|Any CPU.Build.0 = Debug|Any CPU
		{B2468FBF-7434-4747-8FB9-8E16723FDB9D}.Release|Any CPU.ActiveCfg = Release|Any CPU
		{B2468FBF-7434-4747-8FB9-8E16723FDB9D}.Release|Any CPU.Build.0 = Release|Any CPU
		{010A21E3-F30E-45CF-B826-E6B7BCDCE890}.Debug|Any CPU.ActiveCfg = Debug|Any CPU
		{010A21E3-F30E-45CF-B826-E6B7BCDCE890}.Debug|Any CPU.Build.0 = Debug|Any CPU
		{010A21E3-F30E-45CF-B826-E6B7BCDCE890}.Release|Any CPU.ActiveCfg = Release|Any CPU
		{010A21E3-F30E-45CF-B826-E6B7BCDCE890}.Release|Any CPU.Build.0 = Release|Any CPU
		{AC0F9B4C-DA58-451F-897B-F2BF9D9C5D87}.Debug|Any CPU.ActiveCfg = Debug|Any CPU
		{AC0F9B4C-DA58-451F-897B-F2BF9D9C5D87}.Debug|Any CPU.Build.0 = Debug|Any CPU
		{AC0F9B4C-DA58-451F-897B-F2BF9D9C5D87}.Debug|Any CPU.Deploy.0 = Debug|Any CPU
		{AC0F9B4C-DA58-451F-897B-F2BF9D9C5D87}.Release|Any CPU.ActiveCfg = Release|Any CPU
		{AC0F9B4C-DA58-451F-897B-F2BF9D9C5D87}.Release|Any CPU.Build.0 = Release|Any CPU
		{AC0F9B4C-DA58-451F-897B-F2BF9D9C5D87}.Release|Any CPU.Deploy.0 = Release|Any CPU
		{1945F706-A2F7-41BC-BFA7-03DAD787BABB}.Debug|Any CPU.ActiveCfg = Debug|Any CPU
		{1945F706-A2F7-41BC-BFA7-03DAD787BABB}.Debug|Any CPU.Build.0 = Debug|Any CPU
		{1945F706-A2F7-41BC-BFA7-03DAD787BABB}.Release|Any CPU.ActiveCfg = Release|Any CPU
		{1945F706-A2F7-41BC-BFA7-03DAD787BABB}.Release|Any CPU.Build.0 = Release|Any CPU
		{B80F3811-91B0-4E17-BB9B-E5E8D4449CA2}.Debug|Any CPU.ActiveCfg = Debug|Any CPU
		{B80F3811-91B0-4E17-BB9B-E5E8D4449CA2}.Debug|Any CPU.Build.0 = Debug|Any CPU
		{B80F3811-91B0-4E17-BB9B-E5E8D4449CA2}.Release|Any CPU.ActiveCfg = Release|Any CPU
		{B80F3811-91B0-4E17-BB9B-E5E8D4449CA2}.Release|Any CPU.Build.0 = Release|Any CPU
	EndGlobalSection
	GlobalSection(SolutionProperties) = preSolution
		HideSolutionNode = FALSE
	EndGlobalSection
EndGlobal
